Microsoft Visual Studio Solution File, Format Version 12.00
# Visual Studio Version 17
VisualStudioVersion = 17.5.2.0
MinimumVisualStudioVersion = 10.0.40219.1
Project("{FAE04EC0-301F-11D3-BF4B-00C04F79EFBC}") = "HealthClinic", "HealthClinic.csproj", "{3265A3CC-8D22-0B72-8076-226C05E7BA95}"
EndProject
Global
	GlobalSection(SolutionConfigurationPlatforms) = preSolution
		Debug|Any CPU = Debug|Any CPU
		Release|Any CPU = Release|Any CPU
	EndGlobalSection
	GlobalSection(ProjectConfigurationPlatforms) = postSolution
		{3265A3CC-8D22-0B72-8076-226C05E7BA95}.Debug|Any CPU.ActiveCfg = Debug|Any CPU
		{3265A3CC-8D22-0B72-8076-226C05E7BA95}.Debug|Any CPU.Build.0 = Debug|Any CPU
		{3265A3CC-8D22-0B72-8076-226C05E7BA95}.Release|Any CPU.ActiveCfg = Release|Any CPU
		{3265A3CC-8D22-0B72-8076-226C05E7BA95}.Release|Any CPU.Build.0 = Release|Any CPU
	EndGlobalSection
	GlobalSection(SolutionProperties) = preSolution
		HideSolutionNode = FALSE
	EndGlobalSection
	GlobalSection(ExtensibilityGlobals) = postSolution
		SolutionGuid = {5AD0BC33-3F32-45C2-92B8-0C88FD9FD439}
	EndGlobalSection
EndGlobal
